
Microsoft Visual Studio Solution File, Format Version 12.00
# Visual Studio Version 16
VisualStudioVersion = 16.0.30717.126
MinimumVisualStudioVersion = 10.0.40219.1
Project("{9A19103F-16F7-4668-BE54-9A1E7A4F7556}") = "bitsEFClasses", "bitsEFClasses.csproj", "{52544AE5-1AE7-46F9-A5C9-6B485F500ACF}"
EndProject
Project("{FAE04EC0-301F-11D3-BF4B-00C04F79EFBC}") = "bitsNUnitTests", "..\bitsNUnitTests\bitsNUnitTests.csproj", "{A8ACE215-06A4-4E47-BE86-86E7D88D5E05}"
EndProject
Global
	GlobalSection(SolutionConfigurationPlatforms) = preSolution
		Debug|Any CPU = Debug|Any CPU
		Release|Any CPU = Release|Any CPU
	EndGlobalSection
	GlobalSection(ProjectConfigurationPlatforms) = postSolution
		{52544AE5-1AE7-46F9-A5C9-6B485F500ACF}.Debug|Any CPU.ActiveCfg = Debug|Any CPU
		{52544AE5-1AE7-46F9-A5C9-6B485F500ACF}.Debug|Any CPU.Build.0 = Debug|Any CPU
		{52544AE5-1AE7-46F9-A5C9-6B485F500ACF}.Release|Any CPU.ActiveCfg = Release|Any CPU
		{52544AE5-1AE7-46F9-A5C9-6B485F500ACF}.Release|Any CPU.Build.0 = Release|Any CPU
		{A8ACE215-06A4-4E47-BE86-86E7D88D5E05}.Debug|Any CPU.ActiveCfg = Debug|Any CPU
		{A8ACE215-06A4-4E47-BE86-86E7D88D5E05}.Debug|Any CPU.Build.0 = Debug|Any CPU
		{A8ACE215-06A4-4E47-BE86-86E7D88D5E05}.Release|Any CPU.ActiveCfg = Release|Any CPU
		{A8ACE215-06A4-4E47-BE86-86E7D88D5E05}.Release|Any CPU.Build.0 = Release|Any CPU
	EndGlobalSection
	GlobalSection(SolutionProperties) = preSolution
		HideSolutionNode = FALSE
	EndGlobalSection
	GlobalSection(ExtensibilityGlobals) = postSolution
		SolutionGuid = {FCE51022-B30B-4A47-B825-DCE41FA20A8E}
	EndGlobalSection
EndGlobal
